
Microsoft Visual Studio Solution File, Format Version 12.00
# Visual Studio Version 16
VisualStudioVersion = 16.0.32228.343
MinimumVisualStudioVersion = 10.0.40219.1
Project("{FAE04EC0-301F-11D3-BF4B-00C04F79EFBC}") = "ShoppingApp", "ShoppingApp\ShoppingApp.csproj", "{DF3F033E-60B0-4BDF-9223-E3A9C1EE0DC0}"
EndProject
Global
	GlobalSection(SolutionConfigurationPlatforms) = preSolution
		Debug|Any CPU = Debug|Any CPU
		Release|Any CPU = Release|Any CPU
	EndGlobalSection
	GlobalSection(ProjectConfigurationPlatforms) = postSolution
		{DF3F033E-60B0-4BDF-9223-E3A9C1EE0DC0}.Debug|Any CPU.ActiveCfg = Debug|Any CPU
		{DF3F033E-60B0-4BDF-9223-E3A9C1EE0DC0}.Debug|Any CPU.Build.0 = Debug|Any CPU
		{DF3F033E-60B0-4BDF-9223-E3A9C1EE0DC0}.Debug|Any CPU.Deploy.0 = Debug|Any CPU
		{DF3F033E-60B0-4BDF-9223-E3A9C1EE0DC0}.Release|Any CPU.ActiveCfg = Release|Any CPU
		{DF3F033E-60B0-4BDF-9223-E3A9C1EE0DC0}.Release|Any CPU.Build.0 = Release|Any CPU
		{DF3F033E-60B0-4BDF-9223-E3A9C1EE0DC0}.Release|Any CPU.Deploy.0 = Release|Any CPU
	EndGlobalSection
	GlobalSection(SolutionProperties) = preSolution
		HideSolutionNode = FALSE
	EndGlobalSection
	GlobalSection(ExtensibilityGlobals) = postSolution
		SolutionGuid = {45028D24-42A8-49D8-A6B6-E2C3C2A295D9}
	EndGlobalSection
EndGlobal
